
Microsoft Visual Studio Solution File, Format Version 12.00
# Visual Studio Version 17
VisualStudioVersion = 17.10.35027.167
MinimumVisualStudioVersion = 10.0.40219.1
Project("{9A19103F-16F7-4668-BE54-9A1E7A4F7556}") = "TeduEcommerce.Domain", "src\TeduEcommerce.Domain\TeduEcommerce.Domain.csproj", "{554AD327-6DBA-4F8F-96F8-81CE7A0C863F}"
EndProject
Project("{9A19103F-16F7-4668-BE54-9A1E7A4F7556}") = "TeduEcommerce.EntityFrameworkCore", "src\TeduEcommerce.EntityFrameworkCore\TeduEcommerce.EntityFrameworkCore.csproj", "{C956DD76-69C8-4A9C-83EA-D17DF83340FD}"
EndProject
Project("{2150E333-8FDC-42A3-9474-1A3956D46DE8}") = "src", "src", "{CA9AC87F-097E-4F15-8393-4BC07735A5B0}"
EndProject
Project("{2150E333-8FDC-42A3-9474-1A3956D46DE8}") = "test", "test", "{04DBDB01-70F4-4E06-B468-8F87850B22BE}"
EndProject
Project("{9A19103F-16F7-4668-BE54-9A1E7A4F7556}") = "TeduEcommerce.Domain.Shared", "src\TeduEcommerce.Domain.Shared\TeduEcommerce.Domain.Shared.csproj", "{42F719ED-8413-4895-B5B4-5AB56079BC66}"
EndProject
Project("{9A19103F-16F7-4668-BE54-9A1E7A4F7556}") = "TeduEcommerce.AuthServer", "src\TeduEcommerce.AuthServer\TeduEcommerce.AuthServer.csproj", "{073C361E-B8F4-49F5-93CC-72A3FF49C026}"
EndProject
Project("{9A19103F-16F7-4668-BE54-9A1E7A4F7556}") = "TeduEcommerce.EntityFrameworkCore.Tests", "test\TeduEcommerce.EntityFrameworkCore.Tests\TeduEcommerce.EntityFrameworkCore.Tests.csproj", "{1FE30EB9-74A9-47F5-A9F6-7B1FAB672D81}"
EndProject
Project("{9A19103F-16F7-4668-BE54-9A1E7A4F7556}") = "TeduEcommerce.TestBase", "test\TeduEcommerce.TestBase\TeduEcommerce.TestBase.csproj", "{91853F21-9CD9-4132-BC29-A7D5D84FFFE7}"
EndProject
Project("{9A19103F-16F7-4668-BE54-9A1E7A4F7556}") = "TeduEcommerce.DbMigrator", "src\TeduEcommerce.DbMigrator\TeduEcommerce.DbMigrator.csproj", "{AA94D832-1CCC-4715-95A9-A483F23A1A5D}"
EndProject
Project("{2150E333-8FDC-42A3-9474-1A3956D46DE8}") = "admin", "admin", "{4BEB45AC-AC69-40BB-8447-54A8C4CAD408}"
EndProject
Project("{2150E333-8FDC-42A3-9474-1A3956D46DE8}") = "common", "common", "{E6890D93-E5BB-4BE8-BF3E-15A646685980}"
EndProject
Project("{2150E333-8FDC-42A3-9474-1A3956D46DE8}") = "domain", "domain", "{FFB4433E-4595-4E81-9B90-8A0921BFC2E7}"
EndProject
Project("{2150E333-8FDC-42A3-9474-1A3956D46DE8}") = "infrastructure", "infrastructure", "{080736E5-6B29-4AA8-8643-742CD7D0B725}"
EndProject
Project("{2150E333-8FDC-42A3-9474-1A3956D46DE8}") = "auth", "auth", "{6F9F97F6-EF96-4127-A0F5-A311247B3195}"
EndProject
Project("{2150E333-8FDC-42A3-9474-1A3956D46DE8}") = "public", "public", "{3E66CA1E-D13F-4AC0-AD41-034989AD18DE}"
EndProject
Project("{9A19103F-16F7-4668-BE54-9A1E7A4F7556}") = "TeduEcommerce.Admin.Application", "src\TeduEcommerce.Admin.Application\TeduEcommerce.Admin.Application.csproj", "{6558B33C-0786-436D-9093-59431DAB767D}"
EndProject
Project("{9A19103F-16F7-4668-BE54-9A1E7A4F7556}") = "TeduEcommerce.Admin.Application.Contracts", "src\TeduEcommerce.Admin.Application.Contracts\TeduEcommerce.Admin.Application.Contracts.csproj", "{3B1B4490-82AF-4042-9CF6-CB1B059C4A6E}"
EndProject
Project("{9A19103F-16F7-4668-BE54-9A1E7A4F7556}") = "TeduEcommerce.Admin.HttpApi", "src\TeduEcommerce.Admin.HttpApi\TeduEcommerce.Admin.HttpApi.csproj", "{C4DE5C8E-EFDE-4FD2-8C3F-B3269532DB51}"
EndProject
Project("{9A19103F-16F7-4668-BE54-9A1E7A4F7556}") = "TeduEcommerce.Admin.HttpApi.Client", "src\TeduEcommerce.Admin.HttpApi.Client\TeduEcommerce.Admin.HttpApi.Client.csproj", "{0DC43028-6C37-4A0C-93DC-871533455525}"
EndProject
Project("{9A19103F-16F7-4668-BE54-9A1E7A4F7556}") = "TeduEcommerce.Admin.HttpApi.Host", "src\TeduEcommerce.Admin.HttpApi.Host\TeduEcommerce.Admin.HttpApi.Host.csproj", "{1DECE2DF-B700-426D-9E53-DCA81AB1DB19}"
EndProject
Project("{2150E333-8FDC-42A3-9474-1A3956D46DE8}") = "admin", "admin", "{217E1D03-04F7-4648-A966-2448F2918E8A}"
EndProject
Project("{2150E333-8FDC-42A3-9474-1A3956D46DE8}") = "public", "public", "{3625435C-414B-4160-AB8B-059403F9C738}"
EndProject
Project("{2150E333-8FDC-42A3-9474-1A3956D46DE8}") = "shared", "shared", "{11008AD0-9796-4F96-BFBF-39A991A90061}"
EndProject
Project("{9A19103F-16F7-4668-BE54-9A1E7A4F7556}") = "TeduEcommerce.Admin.Application.Tests", "test\TeduEcommerce.Admin.Application.Tests\TeduEcommerce.Admin.Application.Tests.csproj", "{08DC3043-4FCE-4D26-B6E5-AA9178BDA128}"
EndProject
Project("{9A19103F-16F7-4668-BE54-9A1E7A4F7556}") = "TeduEcommerce.Admin.HttpApi.Client.ConsoleTestApp", "test\TeduEcommerce.Admin.HttpApi.Client.ConsoleTestApp\TeduEcommerce.Admin.HttpApi.Client.ConsoleTestApp.csproj", "{593D938A-6D97-47B5-929B-337F39C925AB}"
EndProject
Project("{9A19103F-16F7-4668-BE54-9A1E7A4F7556}") = "TeduEcommerce.Public.Application", "src\TeduEcommerce.Public.Application\TeduEcommerce.Public.Application.csproj", "{9A6AF090-C2C0-4E98-BC66-3D33ABBC70B8}"
EndProject
Project("{9A19103F-16F7-4668-BE54-9A1E7A4F7556}") = "TeduEcommerce.Public.Application.Contracts", "src\TeduEcommerce.Public.Application.Contracts\TeduEcommerce.Public.Application.Contracts.csproj", "{E01930E1-F819-4738-AACF-D7468C6B7D98}"
EndProject
Project("{9A19103F-16F7-4668-BE54-9A1E7A4F7556}") = "TeduEcommerce.Public.HttpApi", "src\TeduEcommerce.Public.HttpApi\TeduEcommerce.Public.HttpApi.csproj", "{EA848498-1B98-4F57-AABB-B902C2E7BFE2}"
EndProject
Project("{9A19103F-16F7-4668-BE54-9A1E7A4F7556}") = "TeduEcommerce.Public.HttpApi.Client", "src\TeduEcommerce.Public.HttpApi.Client\TeduEcommerce.Public.HttpApi.Client.csproj", "{9CE895A1-6E2E-49F0-90DB-25D9EAAF62E8}"
EndProject
Project("{9A19103F-16F7-4668-BE54-9A1E7A4F7556}") = "TeduEcommerce.Public.Web", "src\TeduEcommerce.Public.Web\TeduEcommerce.Public.Web.csproj", "{58E0CB53-796A-49BB-BB3C-076E771BC858}"
EndProject
Project("{9A19103F-16F7-4668-BE54-9A1E7A4F7556}") = "TeduEcommerce.Public.Application.Tests", "test\TeduEcommerce.Public.Application.Tests\TeduEcommerce.Public.Application.Tests.csproj", "{10AA9B70-3A3B-4D9F-99AB-F0EC1396A568}"
EndProject
Project("{9A19103F-16F7-4668-BE54-9A1E7A4F7556}") = "TeduEcommerce.Public.HttpApi.Client.ConsoleTestApp", "test\TeduEcommerce.Public.HttpApi.Client.ConsoleTestApp\TeduEcommerce.Public.HttpApi.Client.ConsoleTestApp.csproj", "{7954E318-8D83-4352-9AAC-A1B84E62438D}"
EndProject
Project("{9A19103F-16F7-4668-BE54-9A1E7A4F7556}") = "TeduEcommerce.Public.Domain.Tests", "test\TeduEcommerce.Public.Domain.Tests\TeduEcommerce.Public.Domain.Tests.csproj", "{D3C615B4-A907-427A-8076-4EFDF9151BA0}"
EndProject
Global
	GlobalSection(SolutionConfigurationPlatforms) = preSolution
		Debug|Any CPU = Debug|Any CPU
		Release|Any CPU = Release|Any CPU
	EndGlobalSection
	GlobalSection(ProjectConfigurationPlatforms) = postSolution
		{554AD327-6DBA-4F8F-96F8-81CE7A0C863F}.Debug|Any CPU.ActiveCfg = Debug|Any CPU
		{554AD327-6DBA-4F8F-96F8-81CE7A0C863F}.Debug|Any CPU.Build.0 = Debug|Any CPU
		{554AD327-6DBA-4F8F-96F8-81CE7A0C863F}.Release|Any CPU.ActiveCfg = Release|Any CPU
		{554AD327-6DBA-4F8F-96F8-81CE7A0C863F}.Release|Any CPU.Build.0 = Release|Any CPU
		{C956DD76-69C8-4A9C-83EA-D17DF83340FD}.Debug|Any CPU.ActiveCfg = Debug|Any CPU
		{C956DD76-69C8-4A9C-83EA-D17DF83340FD}.Debug|Any CPU.Build.0 = Debug|Any CPU
		{C956DD76-69C8-4A9C-83EA-D17DF83340FD}.Release|Any CPU.ActiveCfg = Release|Any CPU
		{C956DD76-69C8-4A9C-83EA-D17DF83340FD}.Release|Any CPU.Build.0 = Release|Any CPU
		{42F719ED-8413-4895-B5B4-5AB56079BC66}.Debug|Any CPU.ActiveCfg = Debug|Any CPU
		{42F719ED-8413-4895-B5B4-5AB56079BC66}.Debug|Any CPU.Build.0 = Debug|Any CPU
		{42F719ED-8413-4895-B5B4-5AB56079BC66}.Release|Any CPU.ActiveCfg = Release|Any CPU
		{42F719ED-8413-4895-B5B4-5AB56079BC66}.Release|Any CPU.Build.0 = Release|Any CPU
		{073C361E-B8F4-49F5-93CC-72A3FF49C026}.Debug|Any CPU.ActiveCfg = Debug|Any CPU
		{073C361E-B8F4-49F5-93CC-72A3FF49C026}.Debug|Any CPU.Build.0 = Debug|Any CPU
		{073C361E-B8F4-49F5-93CC-72A3FF49C026}.Release|Any CPU.ActiveCfg = Release|Any CPU
		{073C361E-B8F4-49F5-93CC-72A3FF49C026}.Release|Any CPU.Build.0 = Release|Any CPU
		{1FE30EB9-74A9-47F5-A9F6-7B1FAB672D81}.Debug|Any CPU.ActiveCfg = Debug|Any CPU
		{1FE30EB9-74A9-47F5-A9F6-7B1FAB672D81}.Debug|Any CPU.Build.0 = Debug|Any CPU
		{1FE30EB9-74A9-47F5-A9F6-7B1FAB672D81}.Release|Any CPU.ActiveCfg = Release|Any CPU
		{1FE30EB9-74A9-47F5-A9F6-7B1FAB672D81}.Release|Any CPU.Build.0 = Release|Any CPU
		{91853F21-9CD9-4132-BC29-A7D5D84FFFE7}.Debug|Any CPU.ActiveCfg = Debug|Any CPU
		{91853F21-9CD9-4132-BC29-A7D5D84FFFE7}.Debug|Any CPU.Build.0 = Debug|Any CPU
		{91853F21-9CD9-4132-BC29-A7D5D84FFFE7}.Release|Any CPU.ActiveCfg = Release|Any CPU
		{91853F21-9CD9-4132-BC29-A7D5D84FFFE7}.Release|Any CPU.Build.0 = Release|Any CPU
		{AA94D832-1CCC-4715-95A9-A483F23A1A5D}.Debug|Any CPU.ActiveCfg = Debug|Any CPU
		{AA94D832-1CCC-4715-95A9-A483F23A1A5D}.Debug|Any CPU.Build.0 = Debug|Any CPU
		{AA94D832-1CCC-4715-95A9-A483F23A1A5D}.Release|Any CPU.ActiveCfg = Release|Any CPU
		{AA94D832-1CCC-4715-95A9-A483F23A1A5D}.Release|Any CPU.Build.0 = Release|Any CPU
		{6558B33C-0786-436D-9093-59431DAB767D}.Debug|Any CPU.ActiveCfg = Debug|Any CPU
		{6558B33C-0786-436D-9093-59431DAB767D}.Debug|Any CPU.Build.0 = Debug|Any CPU
		{6558B33C-0786-436D-9093-59431DAB767D}.Release|Any CPU.ActiveCfg = Release|Any CPU
		{6558B33C-0786-436D-9093-59431DAB767D}.Release|Any CPU.Build.0 = Release|Any CPU
		{3B1B4490-82AF-4042-9CF6-CB1B059C4A6E}.Debug|Any CPU.ActiveCfg = Debug|Any CPU
		{3B1B4490-82AF-4042-9CF6-CB1B059C4A6E}.Debug|Any CPU.Build.0 = Debug|Any CPU
		{3B1B4490-82AF-4042-9CF6-CB1B059C4A6E}.Release|Any CPU.ActiveCfg = Release|Any CPU
		{3B1B4490-82AF-4042-9CF6-CB1B059C4A6E}.Release|Any CPU.Build.0 = Release|Any CPU
		{C4DE5C8E-EFDE-4FD2-8C3F-B3269532DB51}.Debug|Any CPU.ActiveCfg = Debug|Any CPU
		{C4DE5C8E-EFDE-4FD2-8C3F-B3269532DB51}.Debug|Any CPU.Build.0 = Debug|Any CPU
		{C4DE5C8E-EFDE-4FD2-8C3F-B3269532DB51}.Release|Any CPU.ActiveCfg = Release|Any CPU
		{C4DE5C8E-EFDE-4FD2-8C3F-B3269532DB51}.Release|Any CPU.Build.0 = Release|Any CPU
		{0DC43028-6C37-4A0C-93DC-871533455525}.Debug|Any CPU.ActiveCfg = Debug|Any CPU
		{0DC43028-6C37-4A0C-93DC-871533455525}.Debug|Any CPU.Build.0 = Debug|Any CPU
		{0DC43028-6C37-4A0C-93DC-871533455525}.Release|Any CPU.ActiveCfg = Release|Any CPU
		{0DC43028-6C37-4A0C-93DC-871533455525}.Release|Any CPU.Build.0 = Release|Any CPU
		{1DECE2DF-B700-426D-9E53-DCA81AB1DB19}.Debug|Any CPU.ActiveCfg = Debug|Any CPU
		{1DECE2DF-B700-426D-9E53-DCA81AB1DB19}.Debug|Any CPU.Build.0 = Debug|Any CPU
		{1DECE2DF-B700-426D-9E53-DCA81AB1DB19}.Release|Any CPU.ActiveCfg = Release|Any CPU
		{1DECE2DF-B700-426D-9E53-DCA81AB1DB19}.Release|Any CPU.Build.0 = Release|Any CPU
		{08DC3043-4FCE-4D26-B6E5-AA9178BDA128}.Debug|Any CPU.ActiveCfg = Debug|Any CPU
		{08DC3043-4FCE-4D26-B6E5-AA9178BDA128}.Debug|Any CPU.Build.0 = Debug|Any CPU
		{08DC3043-4FCE-4D26-B6E5-AA9178BDA128}.Release|Any CPU.ActiveCfg = Release|Any CPU
		{08DC3043-4FCE-4D26-B6E5-AA9178BDA128}.Release|Any CPU.Build.0 = Release|Any CPU
		{593D938A-6D97-47B5-929B-337F39C925AB}.Debug|Any CPU.ActiveCfg = Debug|Any CPU
		{593D938A-6D97-47B5-929B-337F39C925AB}.Debug|Any CPU.Build.0 = Debug|Any CPU
		{593D938A-6D97-47B5-929B-337F39C925AB}.Release|Any CPU.ActiveCfg = Release|Any CPU
		{593D938A-6D97-47B5-929B-337F39C925AB}.Release|Any CPU.Build.0 = Release|Any CPU
		{9A6AF090-C2C0-4E98-BC66-3D33ABBC70B8}.Debug|Any CPU.ActiveCfg = Debug|Any CPU
		{9A6AF090-C2C0-4E98-BC66-3D33ABBC70B8}.Debug|Any CPU.Build.0 = Debug|Any CPU
		{9A6AF090-C2C0-4E98-BC66-3D33ABBC70B8}.Release|Any CPU.ActiveCfg = Release|Any CPU
		{9A6AF090-C2C0-4E98-BC66-3D33ABBC70B8}.Release|Any CPU.Build.0 = Release|Any CPU
		{E01930E1-F819-4738-AACF-D7468C6B7D98}.Debug|Any CPU.ActiveCfg = Debug|Any CPU
		{E01930E1-F819-4738-AACF-D7468C6B7D98}.Debug|Any CPU.Build.0 = Debug|Any CPU
		{E01930E1-F819-4738-AACF-D7468C6B7D98}.Release|Any CPU.ActiveCfg = Release|Any CPU
		{E01930E1-F819-4738-AACF-D7468C6B7D98}.Release|Any CPU.Build.0 = Release|Any CPU
		{EA848498-1B98-4F57-AABB-B902C2E7BFE2}.Debug|Any CPU.ActiveCfg = Debug|Any CPU
		{EA848498-1B98-4F57-AABB-B902C2E7BFE2}.Debug|Any CPU.Build.0 = Debug|Any CPU
		{EA848498-1B98-4F57-AABB-B902C2E7BFE2}.Release|Any CPU.ActiveCfg = Release|Any CPU
		{EA848498-1B98-4F57-AABB-B902C2E7BFE2}.Release|Any CPU.Build.0 = Release|Any CPU
		{9CE895A1-6E2E-49F0-90DB-25D9EAAF62E8}.Debug|Any CPU.ActiveCfg = Debug|Any CPU
		{9CE895A1-6E2E-49F0-90DB-25D9EAAF62E8}.Debug|Any CPU.Build.0 = Debug|Any CPU
		{9CE895A1-6E2E-49F0-90DB-25D9EAAF62E8}.Release|Any CPU.ActiveCfg = Release|Any CPU
		{9CE895A1-6E2E-49F0-90DB-25D9EAAF62E8}.Release|Any CPU.Build.0 = Release|Any CPU
		{58E0CB53-796A-49BB-BB3C-076E771BC858}.Debug|Any CPU.ActiveCfg = Debug|Any CPU
		{58E0CB53-796A-49BB-BB3C-076E771BC858}.Debug|Any CPU.Build.0 = Debug|Any CPU
		{58E0CB53-796A-49BB-BB3C-076E771BC858}.Release|Any CPU.ActiveCfg = Release|Any CPU
		{58E0CB53-796A-49BB-BB3C-076E771BC858}.Release|Any CPU.Build.0 = Release|Any CPU
		{10AA9B70-3A3B-4D9F-99AB-F0EC1396A568}.Debug|Any CPU.ActiveCfg = Debug|Any CPU
		{10AA9B70-3A3B-4D9F-99AB-F0EC1396A568}.Debug|Any CPU.Build.0 = Debug|Any CPU
		{10AA9B70-3A3B-4D9F-99AB-F0EC1396A568}.Release|Any CPU.ActiveCfg = Release|Any CPU
		{10AA9B70-3A3B-4D9F-99AB-F0EC1396A568}.Release|Any CPU.Build.0 = Release|Any CPU
		{7954E318-8D83-4352-9AAC-A1B84E62438D}.Debug|Any CPU.ActiveCfg = Debug|Any CPU
		{7954E318-8D83-4352-9AAC-A1B84E62438D}.Debug|Any CPU.Build.0 = Debug|Any CPU
		{7954E318-8D83-4352-9AAC-A1B84E62438D}.Release|Any CPU.ActiveCfg = Release|Any CPU
		{7954E318-8D83-4352-9AAC-A1B84E62438D}.Release|Any CPU.Build.0 = Release|Any CPU
		{D3C615B4-A907-427A-8076-4EFDF9151BA0}.Debug|Any CPU.ActiveCfg = Debug|Any CPU
		{D3C615B4-A907-427A-8076-4EFDF9151BA0}.Debug|Any CPU.Build.0 = Debug|Any CPU
		{D3C615B4-A907-427A-8076-4EFDF9151BA0}.Release|Any CPU.ActiveCfg = Release|Any CPU
		{D3C615B4-A907-427A-8076-4EFDF9151BA0}.Release|Any CPU.Build.0 = Release|Any CPU
	EndGlobalSection
	GlobalSection(SolutionProperties) = preSolution
		HideSolutionNode = FALSE
	EndGlobalSection
	GlobalSection(NestedProjects) = preSolution
		{554AD327-6DBA-4F8F-96F8-81CE7A0C863F} = {FFB4433E-4595-4E81-9B90-8A0921BFC2E7}
		{C956DD76-69C8-4A9C-83EA-D17DF83340FD} = {080736E5-6B29-4AA8-8643-742CD7D0B725}
		{42F719ED-8413-4895-B5B4-5AB56079BC66} = {FFB4433E-4595-4E81-9B90-8A0921BFC2E7}
		{073C361E-B8F4-49F5-93CC-72A3FF49C026} = {6F9F97F6-EF96-4127-A0F5-A311247B3195}
		{1FE30EB9-74A9-47F5-A9F6-7B1FAB672D81} = {11008AD0-9796-4F96-BFBF-39A991A90061}
		{91853F21-9CD9-4132-BC29-A7D5D84FFFE7} = {11008AD0-9796-4F96-BFBF-39A991A90061}
		{AA94D832-1CCC-4715-95A9-A483F23A1A5D} = {080736E5-6B29-4AA8-8643-742CD7D0B725}
		{4BEB45AC-AC69-40BB-8447-54A8C4CAD408} = {CA9AC87F-097E-4F15-8393-4BC07735A5B0}
		{E6890D93-E5BB-4BE8-BF3E-15A646685980} = {CA9AC87F-097E-4F15-8393-4BC07735A5B0}
		{FFB4433E-4595-4E81-9B90-8A0921BFC2E7} = {E6890D93-E5BB-4BE8-BF3E-15A646685980}
		{080736E5-6B29-4AA8-8643-742CD7D0B725} = {E6890D93-E5BB-4BE8-BF3E-15A646685980}
		{6F9F97F6-EF96-4127-A0F5-A311247B3195} = {CA9AC87F-097E-4F15-8393-4BC07735A5B0}
		{3E66CA1E-D13F-4AC0-AD41-034989AD18DE} = {CA9AC87F-097E-4F15-8393-4BC07735A5B0}
		{6558B33C-0786-436D-9093-59431DAB767D} = {4BEB45AC-AC69-40BB-8447-54A8C4CAD408}
		{3B1B4490-82AF-4042-9CF6-CB1B059C4A6E} = {4BEB45AC-AC69-40BB-8447-54A8C4CAD408}
		{C4DE5C8E-EFDE-4FD2-8C3F-B3269532DB51} = {4BEB45AC-AC69-40BB-8447-54A8C4CAD408}
		{0DC43028-6C37-4A0C-93DC-871533455525} = {4BEB45AC-AC69-40BB-8447-54A8C4CAD408}
		{1DECE2DF-B700-426D-9E53-DCA81AB1DB19} = {4BEB45AC-AC69-40BB-8447-54A8C4CAD408}
		{217E1D03-04F7-4648-A966-2448F2918E8A} = {04DBDB01-70F4-4E06-B468-8F87850B22BE}
		{3625435C-414B-4160-AB8B-059403F9C738} = {04DBDB01-70F4-4E06-B468-8F87850B22BE}
		{11008AD0-9796-4F96-BFBF-39A991A90061} = {04DBDB01-70F4-4E06-B468-8F87850B22BE}
		{08DC3043-4FCE-4D26-B6E5-AA9178BDA128} = {217E1D03-04F7-4648-A966-2448F2918E8A}
		{593D938A-6D97-47B5-929B-337F39C925AB} = {217E1D03-04F7-4648-A966-2448F2918E8A}
		{9A6AF090-C2C0-4E98-BC66-3D33ABBC70B8} = {3E66CA1E-D13F-4AC0-AD41-034989AD18DE}
		{E01930E1-F819-4738-AACF-D7468C6B7D98} = {3E66CA1E-D13F-4AC0-AD41-034989AD18DE}
		{EA848498-1B98-4F57-AABB-B902C2E7BFE2} = {3E66CA1E-D13F-4AC0-AD41-034989AD18DE}
		{9CE895A1-6E2E-49F0-90DB-25D9EAAF62E8} = {3E66CA1E-D13F-4AC0-AD41-034989AD18DE}
		{58E0CB53-796A-49BB-BB3C-076E771BC858} = {3E66CA1E-D13F-4AC0-AD41-034989AD18DE}
		{10AA9B70-3A3B-4D9F-99AB-F0EC1396A568} = {3625435C-414B-4160-AB8B-059403F9C738}
		{7954E318-8D83-4352-9AAC-A1B84E62438D} = {3625435C-414B-4160-AB8B-059403F9C738}
		{D3C615B4-A907-427A-8076-4EFDF9151BA0} = {11008AD0-9796-4F96-BFBF-39A991A90061}
	EndGlobalSection
	GlobalSection(ExtensibilityGlobals) = postSolution
		SolutionGuid = {28315BFD-90E7-4E14-A2EA-F3D23AF4126F}
	EndGlobalSection
EndGlobal
